
Microsoft Visual Studio Solution File, Format Version 12.00
# Visual Studio Version 17
VisualStudioVersion = 17.14.36518.9 d17.14
MinimumVisualStudioVersion = 10.0.40219.1
Project("{FAE04EC0-301F-11D3-BF4B-00C04F79EFBC}") = "OOPBorrowingSystem", "OOPBorrowingSystem\OOPBorrowingSystem.csproj", "{2F09A2F2-292B-470D-B575-AF93A34A3A99}"
EndProject
Global
	GlobalSection(SolutionConfigurationPlatforms) = preSolution
		Debug|Any CPU = Debug|Any CPU
		Release|Any CPU = Release|Any CPU
	EndGlobalSection
	GlobalSection(ProjectConfigurationPlatforms) = postSolution
		{2F09A2F2-292B-470D-B575-AF93A34A3A99}.Debug|Any CPU.ActiveCfg = Debug|Any CPU
		{2F09A2F2-292B-470D-B575-AF93A34A3A99}.Debug|Any CPU.Build.0 = Debug|Any CPU
		{2F09A2F2-292B-470D-B575-AF93A34A3A99}.Release|Any CPU.ActiveCfg = Release|Any CPU
		{2F09A2F2-292B-470D-B575-AF93A34A3A99}.Release|Any CPU.Build.0 = Release|Any CPU
	EndGlobalSection
	GlobalSection(SolutionProperties) = preSolution
		HideSolutionNode = FALSE
	EndGlobalSection
	GlobalSection(ExtensibilityGlobals) = postSolution
		SolutionGuid = {3A7EFCDE-1760-4D98-8FAA-B73484C0B70E}
	EndGlobalSection
EndGlobal
